
Microsoft Visual Studio Solution File, Format Version 12.00
# Visual Studio Version 17
VisualStudioVersion = 17.8.34330.188
MinimumVisualStudioVersion = 10.0.40219.1
Project("{9A19103F-16F7-4668-BE54-9A1E7A4F7556}") = "BlazorApp", "BlazorApp\BlazorApp.csproj", "{A2773320-630E-4504-94A2-010FFA3E3380}"
EndProject
Project("{9A19103F-16F7-4668-BE54-9A1E7A4F7556}") = "BlazorApp.BusinessLogic", "BlazorApp.BusinessLogic\BlazorApp.BusinessLogic.csproj", "{10B2C021-9C3F-4224-9DF0-7F750B82FCC8}"
EndProject
Project("{9A19103F-16F7-4668-BE54-9A1E7A4F7556}") = "BlazorApp.DataAccess", "BlazorApp.DataAccess\BlazorApp.DataAccess.csproj", "{46E394F5-F320-4B76-A2BB-AE8042D7CED2}"
EndProject
Project("{FAE04EC0-301F-11D3-BF4B-00C04F79EFBC}") = "BlazorApp.DataTransferContract", "BlazorApp.DataTransferContract\BlazorApp.DataTransferContract.csproj", "{3BBF2406-B050-46DF-973B-0FBE2C52F02C}"
EndProject
Global
	GlobalSection(SolutionConfigurationPlatforms) = preSolution
		Debug|Any CPU = Debug|Any CPU
		Release|Any CPU = Release|Any CPU
	EndGlobalSection
	GlobalSection(ProjectConfigurationPlatforms) = postSolution
		{A2773320-630E-4504-94A2-010FFA3E3380}.Debug|Any CPU.ActiveCfg = Debug|Any CPU
		{A2773320-630E-4504-94A2-010FFA3E3380}.Debug|Any CPU.Build.0 = Debug|Any CPU
		{A2773320-630E-4504-94A2-010FFA3E3380}.Release|Any CPU.ActiveCfg = Release|Any CPU
		{A2773320-630E-4504-94A2-010FFA3E3380}.Release|Any CPU.Build.0 = Release|Any CPU
		{10B2C021-9C3F-4224-9DF0-7F750B82FCC8}.Debug|Any CPU.ActiveCfg = Debug|Any CPU
		{10B2C021-9C3F-4224-9DF0-7F750B82FCC8}.Debug|Any CPU.Build.0 = Debug|Any CPU
		{10B2C021-9C3F-4224-9DF0-7F750B82FCC8}.Release|Any CPU.ActiveCfg = Release|Any CPU
		{10B2C021-9C3F-4224-9DF0-7F750B82FCC8}.Release|Any CPU.Build.0 = Release|Any CPU
		{46E394F5-F320-4B76-A2BB-AE8042D7CED2}.Debug|Any CPU.ActiveCfg = Debug|Any CPU
		{46E394F5-F320-4B76-A2BB-AE8042D7CED2}.Debug|Any CPU.Build.0 = Debug|Any CPU
		{46E394F5-F320-4B76-A2BB-AE8042D7CED2}.Release|Any CPU.ActiveCfg = Release|Any CPU
		{46E394F5-F320-4B76-A2BB-AE8042D7CED2}.Release|Any CPU.Build.0 = Release|Any CPU
		{3BBF2406-B050-46DF-973B-0FBE2C52F02C}.Debug|Any CPU.ActiveCfg = Debug|Any CPU
		{3BBF2406-B050-46DF-973B-0FBE2C52F02C}.Debug|Any CPU.Build.0 = Debug|Any CPU
		{3BBF2406-B050-46DF-973B-0FBE2C52F02C}.Release|Any CPU.ActiveCfg = Release|Any CPU
		{3BBF2406-B050-46DF-973B-0FBE2C52F02C}.Release|Any CPU.Build.0 = Release|Any CPU
	EndGlobalSection
	GlobalSection(SolutionProperties) = preSolution
		HideSolutionNode = FALSE
	EndGlobalSection
	GlobalSection(ExtensibilityGlobals) = postSolution
		SolutionGuid = {A274C86C-5204-40AB-896C-14F0DC58FE4C}
	EndGlobalSection
EndGlobal
